
Microsoft Visual Studio Solution File, Format Version 12.00
# Visual Studio Version 16
VisualStudioVersion = 16.0.30320.27
MinimumVisualStudioVersion = 10.0.40219.1
Project("{8BC9CEB8-8B4A-11D0-8D11-00A0C91BC942}") = "TwitchApplication", "TwitchApplication\TwitchApplication.vcxproj", "{CD7AB1D0-C73E-45B2-B9F3-71570E22FC04}"
EndProject
Project("{8BC9CEB8-8B4A-11D0-8D11-00A0C91BC942}") = "ObsPlugin", "ObsPlugin\ObsPlugin.vcxproj", "{287BE227-3190-422F-9753-38B78688275D}"
EndProject
Global
	GlobalSection(SolutionConfigurationPlatforms) = preSolution
		Debug|x64 = Debug|x64
		Debug|x86 = Debug|x86
		Release|x64 = Release|x64
		Release|x86 = Release|x86
	EndGlobalSection
	GlobalSection(ProjectConfigurationPlatforms) = postSolution
		{CD7AB1D0-C73E-45B2-B9F3-71570E22FC04}.Debug|x64.ActiveCfg = Debug|x64
		{CD7AB1D0-C73E-45B2-B9F3-71570E22FC04}.Debug|x64.Build.0 = Debug|x64
		{CD7AB1D0-C73E-45B2-B9F3-71570E22FC04}.Debug|x86.ActiveCfg = Debug|Win32
		{CD7AB1D0-C73E-45B2-B9F3-71570E22FC04}.Debug|x86.Build.0 = Debug|Win32
		{CD7AB1D0-C73E-45B2-B9F3-71570E22FC04}.Release|x64.ActiveCfg = Release|x64
		{CD7AB1D0-C73E-45B2-B9F3-71570E22FC04}.Release|x64.Build.0 = Release|x64
		{CD7AB1D0-C73E-45B2-B9F3-71570E22FC04}.Release|x86.ActiveCfg = Release|Win32
		{CD7AB1D0-C73E-45B2-B9F3-71570E22FC04}.Release|x86.Build.0 = Release|Win32
		{287BE227-3190-422F-9753-38B78688275D}.Debug|x64.ActiveCfg = Debug|x64
		{287BE227-3190-422F-9753-38B78688275D}.Debug|x64.Build.0 = Debug|x64
		{287BE227-3190-422F-9753-38B78688275D}.Debug|x86.ActiveCfg = Debug|Win32
		{287BE227-3190-422F-9753-38B78688275D}.Debug|x86.Build.0 = Debug|Win32
		{287BE227-3190-422F-9753-38B78688275D}.Release|x64.ActiveCfg = Release|x64
		{287BE227-3190-422F-9753-38B78688275D}.Release|x64.Build.0 = Release|x64
		{287BE227-3190-422F-9753-38B78688275D}.Release|x86.ActiveCfg = Release|Win32
		{287BE227-3190-422F-9753-38B78688275D}.Release|x86.Build.0 = Release|Win32
	EndGlobalSection
	GlobalSection(SolutionProperties) = preSolution
		HideSolutionNode = FALSE
	EndGlobalSection
	GlobalSection(ExtensibilityGlobals) = postSolution
		SolutionGuid = {00FA5BDF-B3E6-4991-B560-E77D370E0FBC}
	EndGlobalSection
EndGlobal
